
Microsoft Visual Studio Solution File, Format Version 12.00
# Visual Studio Version 17
VisualStudioVersion = 17.7.34031.279
MinimumVisualStudioVersion = 10.0.40219.1
Project("{FAE04EC0-301F-11D3-BF4B-00C04F79EFBC}") = "Assignment5", "Assignment5.csproj", "{7BAF1C61-44BF-4D48-B905-FEBD39856FEA}"
EndProject
Global
	GlobalSection(SolutionConfigurationPlatforms) = preSolution
		Debug|Any CPU = Debug|Any CPU
		Release|Any CPU = Release|Any CPU
	EndGlobalSection
	GlobalSection(ProjectConfigurationPlatforms) = postSolution
		{7BAF1C61-44BF-4D48-B905-FEBD39856FEA}.Debug|Any CPU.ActiveCfg = Debug|Any CPU
		{7BAF1C61-44BF-4D48-B905-FEBD39856FEA}.Debug|Any CPU.Build.0 = Debug|Any CPU
		{7BAF1C61-44BF-4D48-B905-FEBD39856FEA}.Release|Any CPU.ActiveCfg = Release|Any CPU
		{7BAF1C61-44BF-4D48-B905-FEBD39856FEA}.Release|Any CPU.Build.0 = Release|Any CPU
	EndGlobalSection
	GlobalSection(SolutionProperties) = preSolution
		HideSolutionNode = FALSE
	EndGlobalSection
	GlobalSection(ExtensibilityGlobals) = postSolution
		SolutionGuid = {1746E089-0BFA-40C3-B98D-1E5962B0ECFF}
	EndGlobalSection
EndGlobal
